Microsoft Visual Studio Solution File, Format Version 12.00
# Visual Studio Version 18
VisualStudioVersion = 18.5.11716.220 stable
MinimumVisualStudioVersion = 10.0.40219.1
Project("{9A19103F-16F7-4668-BE54-9A1E7A4F7556}") = "CUAVFlasher", "CUAVFlasher.csproj", "{5F8F8B7E-1E3D-4A5B-9E4C-1F2E8A9D0C3B}"
EndProject
Global
	GlobalSection(SolutionConfigurationPlatforms) = preSolution
		Debug|Any CPU = Debug|Any CPU
		Release|Any CPU = Release|Any CPU
	EndGlobalSection
	GlobalSection(ProjectConfigurationPlatforms) = postSolution
		{5F8F8B7E-1E3D-4A5B-9E4C-1F2E8A9D0C3B}.Debug|Any CPU.ActiveCfg = Debug|Any CPU
		{5F8F8B7E-1E3D-4A5B-9E4C-1F2E8A9D0C3B}.Debug|Any CPU.Build.0 = Debug|Any CPU
		{5F8F8B7E-1E3D-4A5B-9E4C-1F2E8A9D0C3B}.Release|Any CPU.ActiveCfg = Release|Any CPU
		{5F8F8B7E-1E3D-4A5B-9E4C-1F2E8A9D0C3B}.Release|Any CPU.Build.0 = Release|Any CPU
	EndGlobalSection
	GlobalSection(SolutionProperties) = preSolution
		HideSolutionNode = FALSE
	EndGlobalSection
EndGlobal
